
Microsoft Visual Studio Solution File, Format Version 12.00
# Visual Studio Version 17
VisualStudioVersion = 17.6.33815.320
MinimumVisualStudioVersion = 10.0.40219.1
Project("{FAE04EC0-301F-11D3-BF4B-00C04F79EFBC}") = "login_1", "login_1.csproj", "{B0B7BF61-CC5D-4091-9F63-1B8B4F4AC735}"
EndProject
Global
	GlobalSection(SolutionConfigurationPlatforms) = preSolution
		Debug|Any CPU = Debug|Any CPU
		Release|Any CPU = Release|Any CPU
	EndGlobalSection
	GlobalSection(ProjectConfigurationPlatforms) = postSolution
		{B0B7BF61-CC5D-4091-9F63-1B8B4F4AC735}.Debug|Any CPU.ActiveCfg = Debug|Any CPU
		{B0B7BF61-CC5D-4091-9F63-1B8B4F4AC735}.Debug|Any CPU.Build.0 = Debug|Any CPU
		{B0B7BF61-CC5D-4091-9F63-1B8B4F4AC735}.Release|Any CPU.ActiveCfg = Release|Any CPU
		{B0B7BF61-CC5D-4091-9F63-1B8B4F4AC735}.Release|Any CPU.Build.0 = Release|Any CPU
	EndGlobalSection
	GlobalSection(SolutionProperties) = preSolution
		HideSolutionNode = FALSE
	EndGlobalSection
	GlobalSection(ExtensibilityGlobals) = postSolution
		SolutionGuid = {0748B66E-51C3-41B0-B285-9872517CAF62}
	EndGlobalSection
EndGlobal
